
Microsoft Visual Studio Solution File, Format Version 12.00
# Visual Studio Version 16
VisualStudioVersion = 16.0.30503.244
MinimumVisualStudioVersion = 10.0.40219.1
Project("{FAE04EC0-301F-11D3-BF4B-00C04F79EFBC}") = "lv6_zad1", "lv6_zad1\lv6_zad1.csproj", "{51EB8AB0-6D78-46C3-88B1-9A1554BB2787}"
EndProject
Global
	GlobalSection(SolutionConfigurationPlatforms) = preSolution
		Debug|Any CPU = Debug|Any CPU
		Release|Any CPU = Release|Any CPU
	EndGlobalSection
	GlobalSection(ProjectConfigurationPlatforms) = postSolution
		{51EB8AB0-6D78-46C3-88B1-9A1554BB2787}.Debug|Any CPU.ActiveCfg = Debug|Any CPU
		{51EB8AB0-6D78-46C3-88B1-9A1554BB2787}.Debug|Any CPU.Build.0 = Debug|Any CPU
		{51EB8AB0-6D78-46C3-88B1-9A1554BB2787}.Release|Any CPU.ActiveCfg = Release|Any CPU
		{51EB8AB0-6D78-46C3-88B1-9A1554BB2787}.Release|Any CPU.Build.0 = Release|Any CPU
	EndGlobalSection
	GlobalSection(SolutionProperties) = preSolution
		HideSolutionNode = FALSE
	EndGlobalSection
	GlobalSection(ExtensibilityGlobals) = postSolution
		SolutionGuid = {E96E38A8-9452-4594-9FD4-AF90F8E52A17}
	EndGlobalSection
EndGlobal
